
Microsoft Visual Studio Solution File, Format Version 12.00
# Visual Studio 15
Project("{FAE04EC0-301F-11D3-BF4B-00C04F79EFBC}") = "Assembly-CSharp", "Assembly-CSharp.csproj", "{A13C2161-03E8-03DA-E90D-240FA2AE3AD0}"
EndProject
Project("{FAE04EC0-301F-11D3-BF4B-00C04F79EFBC}") = "Assembly-CSharp-Editor", "Assembly-CSharp-Editor.csproj", "{15D97B61-861B-7ABC-0826-B92D7B69DFAF}"
EndProject
Global
	GlobalSection(SolutionConfigurationPlatforms) = preSolution
		Debug|Any CPU = Debug|Any CPU
		Release|Any CPU = Release|Any CPU
	EndGlobalSection
	GlobalSection(ProjectConfigurationPlatforms) = postSolution
		{A13C2161-03E8-03DA-E90D-240FA2AE3AD0}.Debug|Any CPU.ActiveCfg = Debug|Any CPU
		{A13C2161-03E8-03DA-E90D-240FA2AE3AD0}.Debug|Any CPU.Build.0 = Debug|Any CPU
		{A13C2161-03E8-03DA-E90D-240FA2AE3AD0}.Release|Any CPU.ActiveCfg = Release|Any CPU
		{A13C2161-03E8-03DA-E90D-240FA2AE3AD0}.Release|Any CPU.Build.0 = Release|Any CPU
		{15D97B61-861B-7ABC-0826-B92D7B69DFAF}.Debug|Any CPU.ActiveCfg = Debug|Any CPU
		{15D97B61-861B-7ABC-0826-B92D7B69DFAF}.Debug|Any CPU.Build.0 = Debug|Any CPU
		{15D97B61-861B-7ABC-0826-B92D7B69DFAF}.Release|Any CPU.ActiveCfg = Release|Any CPU
		{15D97B61-861B-7ABC-0826-B92D7B69DFAF}.Release|Any CPU.Build.0 = Release|Any CPU
	EndGlobalSection
	GlobalSection(SolutionProperties) = preSolution
		HideSolutionNode = FALSE
	EndGlobalSection
EndGlobal
